
Microsoft Visual Studio Solution File, Format Version 12.00
# Visual Studio Version 16
VisualStudioVersion = 16.0.31105.61
MinimumVisualStudioVersion = 10.0.40219.1
Project("{9A19103F-16F7-4668-BE54-9A1E7A4F7556}") = "GameClock", "GameClock.csproj", "{0855C4A7-B0F0-411E-8BF5-8FC8C6EF26E3}"
EndProject
Project("{2150E333-8FDC-42A3-9474-1A3956D46DE8}") = "Solution Items", "Solution Items", "{557F83DF-D2FA-4FD2-8D8E-4497C6826509}"
	ProjectSection(SolutionItems) = preProject
		..\.gitignore = ..\.gitignore
		..\Readme.md = ..\Readme.md
	EndProjectSection
EndProject
Global
	GlobalSection(SolutionConfigurationPlatforms) = preSolution
		Debug|Any CPU = Debug|Any CPU
		Release|Any CPU = Release|Any CPU
	EndGlobalSection
	GlobalSection(ProjectConfigurationPlatforms) = postSolution
		{0855C4A7-B0F0-411E-8BF5-8FC8C6EF26E3}.Debug|Any CPU.ActiveCfg = Debug|Any CPU
		{0855C4A7-B0F0-411E-8BF5-8FC8C6EF26E3}.Debug|Any CPU.Build.0 = Debug|Any CPU
		{0855C4A7-B0F0-411E-8BF5-8FC8C6EF26E3}.Release|Any CPU.ActiveCfg = Release|Any CPU
		{0855C4A7-B0F0-411E-8BF5-8FC8C6EF26E3}.Release|Any CPU.Build.0 = Release|Any CPU
	EndGlobalSection
	GlobalSection(SolutionProperties) = preSolution
		HideSolutionNode = FALSE
	EndGlobalSection
	GlobalSection(ExtensibilityGlobals) = postSolution
		SolutionGuid = {870ECB32-E6A5-45E3-9DFC-9D88AABACBBB}
	EndGlobalSection
EndGlobal
